// !$*UTF8*$!
{
	archiveVersion = 1;
	classes = {
	};
	objectVersion = 56;
	objects = {

/* Begin PBXBuildFile section */
		E5A574D82914B1D100B38EC4 /* Extensions.swift in Sources */ = {isa = PBXBuildFile; fileRef = E5A574D72914B1D100B38EC4 /* Extensions.swift */; };
		E5A574DB2914C56700B38EC4 /* ViewModel.swift in Sources */ = {isa = PBXBuildFile; fileRef = E5A574DA2914C56700B38EC4 /* ViewModel.swift */; };
		E5A574DF2914C6D900B38EC4 /* ListView.swift in Sources */ = {isa = PBXBuildFile; fileRef = E5A574DE2914C6D900B38EC4 /* ListView.swift */; };
		E5A574E12914C70C00B38EC4 /* RowView.swift in Sources */ = {isa = PBXBuildFile; fileRef = E5A574E02914C70C00B38EC4 /* RowView.swift */; };
		E5A574E32914CB4400B38EC4 /* NewItemView.swift in Sources */ = {isa = PBXBuildFile; fileRef = E5A574E22914CB4400B38EC4 /* NewItemView.swift */; };
		E5A574E52914CB7500B38EC4 /* NewItemButton.swift in Sources */ = {isa = PBXBuildFile; fileRef = E5A574E42914CB7500B38EC4 /* NewItemButton.swift */; };
		E5EFA4CC291243C900C19436 /* ArrayApp.swift in Sources */ = {isa = PBXBuildFile; fileRef = E5EFA4CB291243C900C19436 /* ArrayApp.swift */; };
		E5EFA4CE291243C900C19436 /* ContentView.swift in Sources */ = {isa = PBXBuildFile; fileRef = E5EFA4CD291243C900C19436 /* ContentView.swift */; };
		E5EFA4D0291243C900C19436 /* Assets.xcassets in Resources */ = {isa = PBXBuildFile; fileRef = E5EFA4CF291243C900C19436 /* Assets.xcassets */; };
		E5EFA4D4291243C900C19436 /* Preview Assets.xcassets in Resources */ = {isa = PBXBuildFile; fileRef = E5EFA4D3291243C900C19436 /* Preview Assets.xcassets */; };
		E5EFA4DE291243C900C19436 /* ArrayTests.swift in Sources */ = {isa = PBXBuildFile; fileRef = E5EFA4DD291243C900C19436 /* ArrayTests.swift */; };
		E5EFA4E8291243C900C19436 /* ArrayUITests.swift in Sources */ = {isa = PBXBuildFile; fileRef = E5EFA4E7291243C900C19436 /* ArrayUITests.swift */; };
		E5EFA4EA291243C900C19436 /* ArrayUITestsLaunchTests.swift in Sources */ = {isa = PBXBuildFile; fileRef = E5EFA4E9291243C900C19436 /* ArrayUITestsLaunchTests.swift */; };
/* End PBXBuildFile section */

/* Begin PBXContainerItemProxy section */
		E5EFA4DA291243C900C19436 /* PBXContainerItemProxy */ = {
			isa = PBXContainerItemProxy;
			containerPortal = E5EFA4C0291243C900C19436 /* Project object */;
			proxyType = 1;
			remoteGlobalIDString = E5EFA4C7291243C900C19436;
			remoteInfo = Array;
		};
		E5EFA4E4291243C900C19436 /* PBXContainerItemProxy */ = {
			isa = PBXContainerItemProxy;
			containerPortal = E5EFA4C0291243C900C19436 /* Project object */;
			proxyType = 1;
			remoteGlobalIDString = E5EFA4C7291243C900C19436;
			remoteInfo = Array;
		};
/* End PBXContainerItemProxy section */

/* Begin PBXFileReference section */
		E5A574D72914B1D100B38EC4 /* Extensions.swift */ = {isa = PBXFileReference; lastKnownFileType = sourcecode.swift; path = Extensions.swift; sourceTree = "<group>"; };
		E5A574DA2914C56700B38EC4 /* ViewModel.swift */ = {isa = PBXFileReference; lastKnownFileType = sourcecode.swift; path = ViewModel.swift; sourceTree = "<group>"; };
		E5A574DE2914C6D900B38EC4 /* ListView.swift */ = {isa = PBXFileReference; lastKnownFileType = sourcecode.swift; path = ListView.swift; sourceTree = "<group>"; };
		E5A574E02914C70C00B38EC4 /* RowView.swift */ = {isa = PBXFileReference; lastKnownFileType = sourcecode.swift; path = RowView.swift; sourceTree = "<group>"; };
		E5A574E22914CB4400B38EC4 /* NewItemView.swift */ = {isa = PBXFileReference; lastKnownFileType = sourcecode.swift; path = NewItemView.swift; sourceTree = "<group>"; };
		E5A574E42914CB7500B38EC4 /* NewItemButton.swift */ = {isa = PBXFileReference; lastKnownFileType = sourcecode.swift; path = NewItemButton.swift; sourceTree = "<group>"; };
		E5EFA4C8291243C900C19436 /* Array.app */ = {isa = PBXFileReference; explicitFileType = wrapper.application; includeInIndex = 0; path = Array.app; sourceTree = BUILT_PRODUCTS_DIR; };
		E5EFA4CB291243C900C19436 /* ArrayApp.swift */ = {isa = PBXFileReference; lastKnownFileType = sourcecode.swift; path = ArrayApp.swift; sourceTree = "<group>"; };
		E5EFA4CD291243C900C19436 /* ContentView.swift */ = {isa = PBXFileReference; lastKnownFileType = sourcecode.swift; path = ContentView.swift; sourceTree = "<group>"; };
		E5EFA4CF291243C900C19436 /* Assets.xcassets */ = {isa = PBXFileReference; lastKnownFileType = folder.assetcatalog; path = Assets.xcassets; sourceTree = "<group>"; };
		E5EFA4D1291243C900C19436 /* Array.entitlements */ = {isa = PBXFileReference; lastKnownFileType = text.plist.entitlements; path = Array.entitlements; sourceTree = "<group>"; };
		E5EFA4D3291243C900C19436 /* Preview Assets.xcassets */ = {isa = PBXFileReference; lastKnownFileType = folder.assetcatalog; path = "Preview Assets.xcassets"; sourceTree = "<group>"; };
		E5EFA4D9291243C900C19436 /* ArrayTests.xctest */ = {isa = PBXFileReference; explicitFileType = wrapper.cfbundle; includeInIndex = 0; path = ArrayTests.xctest; sourceTree = BUILT_PRODUCTS_DIR; };
		E5EFA4DD291243C900C19436 /* ArrayTests.swift */ = {isa = PBXFileReference; lastKnownFileType = sourcecode.swift; path = ArrayTests.swift; sourceTree = "<group>"; };
		E5EFA4E3291243C900C19436 /* ArrayUITests.xctest */ = {isa = PBXFileReference; explicitFileType = wrapper.cfbundle; includeInIndex = 0; path = ArrayUITests.xctest; sourceTree = BUILT_PRODUCTS_DIR; };
		E5EFA4E7291243C900C19436 /* ArrayUITests.swift */ = {isa = PBXFileReference; lastKnownFileType = sourcecode.swift; path = ArrayUITests.swift; sourceTree = "<group>"; };
		E5EFA4E9291243C900C19436 /* ArrayUITestsLaunchTests.swift */ = {isa = PBXFileReference; lastKnownFileType = sourcecode.swift; path = ArrayUITestsLaunchTests.swift; sourceTree = "<group>"; };
/* End PBXFileReference section */

/* Begin PBXFrameworksBuildPhase section */
		E5EFA4C5291243C900C19436 /* Frameworks */ = {
			isa = PBXFrameworksBuildPhase;
			buildActionMask = 2147483647;
			files = (
			);
			runOnlyForDeploymentPostprocessing = 0;
		};
		E5EFA4D6291243C900C19436 /* Frameworks */ = {
			isa = PBXFrameworksBuildPhase;
			buildActionMask = 2147483647;
			files = (
			);
			runOnlyForDeploymentPostprocessing = 0;
		};
		E5EFA4E0291243C900C19436 /* Frameworks */ = {
			isa = PBXFrameworksBuildPhase;
			buildActionMask = 2147483647;
			files = (
			);
			runOnlyForDeploymentPostprocessing = 0;
		};
/* End PBXFrameworksBuildPhase section */

/* Begin PBXGroup section */
		E5A574D92914C55900B38EC4 /* ViewModel */ = {
			isa = PBXGroup;
			children = (
				E5A574DA2914C56700B38EC4 /* ViewModel.swift */,
			);
			path = ViewModel;
			sourceTree = "<group>";
		};
		E5A574DC2914C6AF00B38EC4 /* Main */ = {
			isa = PBXGroup;
			children = (
				E5A574D92914C55900B38EC4 /* ViewModel */,
				E5A574DD2914C6B700B38EC4 /* Views */,
			);
			path = Main;
			sourceTree = "<group>";
		};
		E5A574DD2914C6B700B38EC4 /* Views */ = {
			isa = PBXGroup;
			children = (
				E5A574DE2914C6D900B38EC4 /* ListView.swift */,
				E5A574E02914C70C00B38EC4 /* RowView.swift */,
				E5A574E22914CB4400B38EC4 /* NewItemView.swift */,
				E5A574E42914CB7500B38EC4 /* NewItemButton.swift */,
			);
			path = Views;
			sourceTree = "<group>";
		};
		E5EFA4BF291243C900C19436 = {
			isa = PBXGroup;
			children = (
				E5EFA4CA291243C900C19436 /* Array */,
				E5EFA4DC291243C900C19436 /* ArrayTests */,
				E5EFA4E6291243C900C19436 /* ArrayUITests */,
				E5EFA4C9291243C900C19436 /* Products */,
			);
			sourceTree = "<group>";
		};
		E5EFA4C9291243C900C19436 /* Products */ = {
			isa = PBXGroup;
			children = (
				E5EFA4C8291243C900C19436 /* Array.app */,
				E5EFA4D9291243C900C19436 /* ArrayTests.xctest */,
				E5EFA4E3291243C900C19436 /* ArrayUITests.xctest */,
			);
			name = Products;
			sourceTree = "<group>";
		};
		E5EFA4CA291243C900C19436 /* Array */ = {
			isa = PBXGroup;
			children = (
				E5EFA4CB291243C900C19436 /* ArrayApp.swift */,
				E5EFA4CD291243C900C19436 /* ContentView.swift */,
				E5A574DC2914C6AF00B38EC4 /* Main */,
				E5EFA4CF291243C900C19436 /* Assets.xcassets */,
				E5EFA4D1291243C900C19436 /* Array.entitlements */,
				E5EFA4D2291243C900C19436 /* Preview Content */,
				E5A574D72914B1D100B38EC4 /* Extensions.swift */,
			);
			path = Array;
			sourceTree = "<group>";
		};
		E5EFA4D2291243C900C19436 /* Preview Content */ = {
			isa = PBXGroup;
			children = (
				E5EFA4D3291243C900C19436 /* Preview Assets.xcassets */,
			);
			path = "Preview Content";
			sourceTree = "<group>";
		};
		E5EFA4DC291243C900C19436 /* ArrayTests */ = {
			isa = PBXGroup;
			children = (
				E5EFA4DD291243C900C19436 /* ArrayTests.swift */,
			);
			path = ArrayTests;
			sourceTree = "<group>";
		};
		E5EFA4E6291243C900C19436 /* ArrayUITests */ = {
			isa = PBXGroup;
			children = (
				E5EFA4E7291243C900C19436 /* ArrayUITests.swift */,
				E5EFA4E9291243C900C19436 /* ArrayUITestsLaunchTests.swift */,
			);
			path = ArrayUITests;
			sourceTree = "<group>";
		};
/* End PBXGroup section */

/* Begin PBXNativeTarget section */
		E5EFA4C7291243C900C19436 /* Array */ = {
			isa = PBXNativeTarget;
			buildConfigurationList = E5EFA4ED291243C900C19436 /* Build configuration list for PBXNativeTarget "Array" */;
			buildPhases = (
				E5EFA4C4291243C900C19436 /* Sources */,
				E5EFA4C5291243C900C19436 /* Frameworks */,
				E5EFA4C6291243C900C19436 /* Resources */,
			);
			buildRules = (
			);
			dependencies = (
			);
			name = Array;
			productName = Array;
			productReference = E5EFA4C8291243C900C19436 /* Array.app */;
			productType = "com.apple.product-type.application";
		};
		E5EFA4D8291243C900C19436 /* ArrayTests */ = {
			isa = PBXNativeTarget;
			buildConfigurationList = E5EFA4F0291243C900C19436 /* Build configuration list for PBXNativeTarget "ArrayTests" */;
			buildPhases = (
				E5EFA4D5291243C900C19436 /* Sources */,
				E5EFA4D6291243C900C19436 /* Frameworks */,
				E5EFA4D7291243C900C19436 /* Resources */,
			);
			buildRules = (
			);
			dependencies = (
				E5EFA4DB291243C900C19436 /* PBXTargetDependency */,
			);
			name = ArrayTests;
			productName = ArrayTests;
			productReference = E5EFA4D9291243C900C19436 /* ArrayTests.xctest */;
			productType = "com.apple.product-type.bundle.unit-test";
		};
		E5EFA4E2291243C900C19436 /* ArrayUITests */ = {
			isa = PBXNativeTarget;
			buildConfigurationList = E5EFA4F3291243C900C19436 /* Build configuration list for PBXNativeTarget "ArrayUITests" */;
			buildPhases = (
				E5EFA4DF291243C900C19436 /* Sources */,
				E5EFA4E0291243C900C19436 /* Frameworks */,
				E5EFA4E1291243C900C19436 /* Resources */,
			);
			buildRules = (
			);
			dependencies = (
				E5EFA4E5291243C900C19436 /* PBXTargetDependency */,
			);
			name = ArrayUITests;
			productName = ArrayUITests;
			productReference = E5EFA4E3291243C900C19436 /* ArrayUITests.xctest */;
			productType = "com.apple.product-type.bundle.ui-testing";
		};
/* End PBXNativeTarget section */

/* Begin PBXProject section */
		E5EFA4C0291243C900C19436 /* Project object */ = {
			isa = PBXProject;
			attributes = {
				BuildIndependentTargetsInParallel = 1;
				LastSwiftUpdateCheck = 1410;
				LastUpgradeCheck = 1410;
				TargetAttributes = {
					E5EFA4C7291243C900C19436 = {
						CreatedOnToolsVersion = 14.1;
					};
					E5EFA4D8291243C900C19436 = {
						CreatedOnToolsVersion = 14.1;
						TestTargetID = E5EFA4C7291243C900C19436;
					};
					E5EFA4E2291243C900C19436 = {
						CreatedOnToolsVersion = 14.1;
						TestTargetID = E5EFA4C7291243C900C19436;
					};
				};
			};
			buildConfigurationList = E5EFA4C3291243C900C19436 /* Build configuration list for PBXProject "Array" */;
			compatibilityVersion = "Xcode 14.0";
			developmentRegion = en;
			hasScannedForEncodings = 0;
			knownRegions = (
				en,
				Base,
			);
			mainGroup = E5EFA4BF291243C900C19436;
			productRefGroup = E5EFA4C9291243C900C19436 /* Products */;
			projectDirPath = "";
			projectRoot = "";
			targets = (
				E5EFA4C7291243C900C19436 /* Array */,
				E5EFA4D8291243C900C19436 /* ArrayTests */,
				E5EFA4E2291243C900C19436 /* ArrayUITests */,
			);
		};
/* End PBXProject section */

/* Begin PBXResourcesBuildPhase section */
		E5EFA4C6291243C900C19436 /* Resources */ = {
			isa = PBXResourcesBuildPhase;
			buildActionMask = 2147483647;
			files = (
				E5EFA4D4291243C900C19436 /* Preview Assets.xcassets in Resources */,
				E5EFA4D0291243C900C19436 /* Assets.xcassets in Resources */,
			);
			runOnlyForDeploymentPostprocessing = 0;
		};
		E5EFA4D7291243C900C19436 /* Resources */ = {
			isa = PBXResourcesBuildPhase;
			buildActionMask = 2147483647;
			files = (
			);
			runOnlyForDeploymentPostprocessing = 0;
		};
		E5EFA4E1291243C900C19436 /* Resources */ = {
			isa = PBXResourcesBuildPhase;
			buildActionMask = 2147483647;
			files = (
			);
			runOnlyForDeploymentPostprocessing = 0;
		};
/* End PBXResourcesBuildPhase section */

/* Begin PBXSourcesBuildPhase section */
		E5EFA4C4291243C900C19436 /* Sources */ = {
			isa = PBXSourcesBuildPhase;
			buildActionMask = 2147483647;
			files = (
				E5EFA4CE291243C900C19436 /* ContentView.swift in Sources */,
				E5A574E12914C70C00B38EC4 /* RowView.swift in Sources */,
				E5A574E32914CB4400B38EC4 /* NewItemView.swift in Sources */,
				E5A574E52914CB7500B38EC4 /* NewItemButton.swift in Sources */,
				E5A574D82914B1D100B38EC4 /* Extensions.swift in Sources */,
				E5A574DF2914C6D900B38EC4 /* ListView.swift in Sources */,
				E5A574DB2914C56700B38EC4 /* ViewModel.swift in Sources */,
				E5EFA4CC291243C900C19436 /* ArrayApp.swift in Sources */,
			);
			runOnlyForDeploymentPostprocessing = 0;
		};
		E5EFA4D5291243C900C19436 /* Sources */ = {
			isa = PBXSourcesBuildPhase;
			buildActionMask = 2147483647;
			files = (
				E5EFA4DE291243C900C19436 /* ArrayTests.swift in Sources */,
			);
			runOnlyForDeploymentPostprocessing = 0;
		};
		E5EFA4DF291243C900C19436 /* Sources */ = {
			isa = PBXSourcesBuildPhase;
			buildActionMask = 2147483647;
			files = (
				E5EFA4EA291243C900C19436 /* ArrayUITestsLaunchTests.swift in Sources */,
				E5EFA4E8291243C900C19436 /* ArrayUITests.swift in Sources */,
			);
			runOnlyForDeploymentPostprocessing = 0;
		};
/* End PBXSourcesBuildPhase section */

/* Begin PBXTargetDependency section */
		E5EFA4DB291243C900C19436 /* PBXTargetDependency */ = {
			isa = PBXTargetDependency;
			target = E5EFA4C7291243C900C19436 /* Array */;
			targetProxy = E5EFA4DA291243C900C19436 /* PBXContainerItemProxy */;
		};
		E5EFA4E5291243C900C19436 /* PBXTargetDependency */ = {
			isa = PBXTargetDependency;
			target = E5EFA4C7291243C900C19436 /* Array */;
			targetProxy = E5EFA4E4291243C900C19436 /* PBXContainerItemProxy */;
		};
/* End PBXTargetDependency section */

/* Begin XCBuildConfiguration section */
		E5EFA4EB291243C900C19436 /* Debug */ = {
			isa = XCBuildConfiguration;
			buildSettings = {
				ALWAYS_SEARCH_USER_PATHS = NO;
				CLANG_ANALYZER_NONNULL = YES;
				CLANG_ANALYZER_NUMBER_OBJECT_CONVERSION = YES_AGGRESSIVE;
				CLANG_CXX_LANGUAGE_STANDARD = "gnu++20";
				CLANG_ENABLE_MODULES = YES;
				CLANG_ENABLE_OBJC_ARC = YES;
				CLANG_ENABLE_OBJC_WEAK = YES;
				CLANG_WARN_BLOCK_CAPTURE_AUTORELEASING = YES;
				CLANG_WARN_BOOL_CONVERSION = YES;
				CLANG_WARN_COMMA = YES;
				CLANG_WARN_CONSTANT_CONVERSION = YES;
				CLANG_WARN_DEPRECATED_OBJC_IMPLEMENTATIONS = YES;
				CLANG_WARN_DIRECT_OBJC_ISA_USAGE = YES_ERROR;
				CLANG_WARN_DOCUMENTATION_COMMENTS = YES;
				CLANG_WARN_EMPTY_BODY = YES;
				CLANG_WARN_ENUM_CONVERSION = YES;
				CLANG_WARN_INFINITE_RECURSION = YES;
				CLANG_WARN_INT_CONVERSION = YES;
				CLANG_WARN_NON_LITERAL_NULL_CONVERSION = YES;
				CLANG_WARN_OBJC_IMPLICIT_RETAIN_SELF = YES;
				CLANG_WARN_OBJC_LITERAL_CONVERSION = YES;
				CLANG_WARN_OBJC_ROOT_CLASS = YES_ERROR;
				CLANG_WARN_QUOTED_INCLUDE_IN_FRAMEWORK_HEADER = YES;
				CLANG_WARN_RANGE_LOOP_ANALYSIS = YES;
				CLANG_WARN_STRICT_PROTOTYPES = YES;
				CLANG_WARN_SUSPICIOUS_MOVE = YES;
				CLANG_WARN_UNGUARDED_AVAILABILITY = YES_AGGRESSIVE;
				CLANG_WARN_UNREACHABLE_CODE = YES;
				CLANG_WARN__DUPLICATE_METHOD_MATCH = YES;
				COPY_PHASE_STRIP = NO;
				DEBUG_INFORMATION_FORMAT = dwarf;
				ENABLE_STRICT_OBJC_MSGSEND = YES;
				ENABLE_TESTABILITY = YES;
				GCC_C_LANGUAGE_STANDARD = gnu11;
				GCC_DYNAMIC_NO_PIC = NO;
				GCC_NO_COMMON_BLOCKS = YES;
				GCC_OPTIMIZATION_LEVEL = 0;
				GCC_PREPROCESSOR_DEFINITIONS = (
					"DEBUG=1",
					"$(inherited)",
				);
				GCC_WARN_64_TO_32_BIT_CONVERSION = YES;
				GCC_WARN_ABOUT_RETURN_TYPE = YES_ERROR;
				GCC_WARN_UNDECLARED_SELECTOR = YES;
				GCC_WARN_UNINITIALIZED_AUTOS = YES_AGGRESSIVE;
				GCC_WARN_UNUSED_FUNCTION = YES;
				GCC_WARN_UNUSED_VARIABLE = YES;
				MTL_ENABLE_DEBUG_INFO = INCLUDE_SOURCE;
				MTL_FAST_MATH = YES;
				ONLY_ACTIVE_ARCH = YES;
				SWIFT_ACTIVE_COMPILATION_CONDITIONS = DEBUG;
				SWIFT_OPTIMIZATION_LEVEL = "-Onone";
			};
			name = Debug;
		};
		E5EFA4EC291243C900C19436 /* Release */ = {
			isa = XCBuildConfiguration;
			buildSettings = {
				ALWAYS_SEARCH_USER_PATHS = NO;
				CLANG_ANALYZER_NONNULL = YES;
				CLANG_ANALYZER_NUMBER_OBJECT_CONVERSION = YES_AGGRESSIVE;
				CLANG_CXX_LANGUAGE_STANDARD = "gnu++20";
				CLANG_ENABLE_MODULES = YES;
				CLANG_ENABLE_OBJC_ARC = YES;
				CLANG_ENABLE_OBJC_WEAK = YES;
				CLANG_WARN_BLOCK_CAPTURE_AUTORELEASING = YES;
				CLANG_WARN_BOOL_CONVERSION = YES;
				CLANG_WARN_COMMA = YES;
				CLANG_WARN_CONSTANT_CONVERSION = YES;
				CLANG_WARN_DEPRECATED_OBJC_IMPLEMENTATIONS = YES;
				CLANG_WARN_DIRECT_OBJC_ISA_USAGE = YES_ERROR;
				CLANG_WARN_DOCUMENTATION_COMMENTS = YES;
				CLANG_WARN_EMPTY_BODY = YES;
				CLANG_WARN_ENUM_CONVERSION = YES;
				CLANG_WARN_INFINITE_RECURSION = YES;
				CLANG_WARN_INT_CONVERSION = YES;
				CLANG_WARN_NON_LITERAL_NULL_CONVERSION = YES;
				CLANG_WARN_OBJC_IMPLICIT_RETAIN_SELF = YES;
				CLANG_WARN_OBJC_LITERAL_CONVERSION = YES;
				CLANG_WARN_OBJC_ROOT_CLASS = YES_ERROR;
				CLANG_WARN_QUOTED_INCLUDE_IN_FRAMEWORK_HEADER = YES;
				CLANG_WARN_RANGE_LOOP_ANALYSIS = YES;
				CLANG_WARN_STRICT_PROTOTYPES = YES;
				CLANG_WARN_SUSPICIOUS_MOVE = YES;
				CLANG_WARN_UNGUARDED_AVAILABILITY = YES_AGGRESSIVE;
				CLANG_WARN_UNREACHABLE_CODE = YES;
				CLANG_WARN__DUPLICATE_METHOD_MATCH = YES;
				COPY_PHASE_STRIP = NO;
				DEBUG_INFORMATION_FORMAT = "dwarf-with-dsym";
				ENABLE_NS_ASSERTIONS = NO;
				ENABLE_STRICT_OBJC_MSGSEND = YES;
				GCC_C_LANGUAGE_STANDARD = gnu11;
				GCC_NO_COMMON_BLOCKS = YES;
				GCC_WARN_64_TO_32_BIT_CONVERSION = YES;
				GCC_WARN_ABOUT_RETURN_TYPE = YES_ERROR;
				GCC_WARN_UNDECLARED_SELECTOR = YES;
				GCC_WARN_UNINITIALIZED_AUTOS = YES_AGGRESSIVE;
				GCC_WARN_UNUSED_FUNCTION = YES;
				GCC_WARN_UNUSED_VARIABLE = YES;
				MTL_ENABLE_DEBUG_INFO = NO;
				MTL_FAST_MATH = YES;
				SWIFT_COMPILATION_MODE = wholemodule;
				SWIFT_OPTIMIZATION_LEVEL = "-O";
			};
			name = Release;
		};
		E5EFA4EE291243C900C19436 /* Debug */ = {
			isa = XCBuildConfiguration;
			buildSettings = {
				ASSETCATALOG_COMPILER_APPICON_NAME = AppIcon;
				ASSETCATALOG_COMPILER_GLOBAL_ACCENT_COLOR_NAME = AccentColor;
				CODE_SIGN_ENTITLEMENTS = Array/Array.entitlements;
				CODE_SIGN_STYLE = Automatic;
				CURRENT_PROJECT_VERSION = 1;
				DEVELOPMENT_ASSET_PATHS = "\"Array/Preview Content\"";
				DEVELOPMENT_TEAM = 77TRP2G374;
				ENABLE_HARDENED_RUNTIME = YES;
				ENABLE_PREVIEWS = YES;
				GENERATE_INFOPLIST_FILE = YES;
				"INFOPLIST_KEY_UIApplicationSceneManifest_Generation[sdk=iphoneos*]" = YES;
				"INFOPLIST_KEY_UIApplicationSceneManifest_Generation[sdk=iphonesimulator*]" = YES;
				"INFOPLIST_KEY_UIApplicationSupportsIndirectInputEvents[sdk=iphoneos*]" = YES;
				"INFOPLIST_KEY_UIApplicationSupportsIndirectInputEvents[sdk=iphonesimulator*]" = YES;
				"INFOPLIST_KEY_UILaunchScreen_Generation[sdk=iphoneos*]" = YES;
				"INFOPLIST_KEY_UILaunchScreen_Generation[sdk=iphonesimulator*]" = YES;
				"INFOPLIST_KEY_UIStatusBarStyle[sdk=iphoneos*]" = UIStatusBarStyleDefault;
				"INFOPLIST_KEY_UIStatusBarStyle[sdk=iphonesimulator*]" = UIStatusBarStyleDefault;
				INFOPLIST_KEY_UISupportedInterfaceOrientations_iPad = "UIInterfaceOrientationPortrait UIInterfaceOrientationPortraitUpsideDown UIInterfaceOrientationLandscapeLeft UIInterfaceOrientationLandscapeRight";
				INFOPLIST_KEY_UISupportedInterfaceOrientations_iPhone = "UIInterfaceOrientationPortrait UIInterfaceOrientationLandscapeLeft UIInterfaceOrientationLandscapeRight";
				IPHONEOS_DEPLOYMENT_TARGET = 16.0;
				LD_RUNPATH_SEARCH_PATHS = "@executable_path/Frameworks";
				"LD_RUNPATH_SEARCH_PATHS[sdk=macosx*]" = "@executable_path/../Frameworks";
				MACOSX_DEPLOYMENT_TARGET = 13.0;
				MARKETING_VERSION = 1.0;
				PRODUCT_BUNDLE_IDENTIFIER = com.MichaelGillund.Array;
				PRODUCT_NAME = "$(TARGET_NAME)";
				SDKROOT = auto;
				SUPPORTED_PLATFORMS = "iphoneos iphonesimulator macosx";
				SWIFT_EMIT_LOC_STRINGS = YES;
				SWIFT_VERSION = 5.0;
				TARGETED_DEVICE_FAMILY = "1,2";
			};
			name = Debug;
		};
		E5EFA4EF291243C900C19436 /* Release */ = {
			isa = XCBuildConfiguration;
			buildSettings = {
				ASSETCATALOG_COMPILER_APPICON_NAME = AppIcon;
				ASSETCATALOG_COMPILER_GLOBAL_ACCENT_COLOR_NAME = AccentColor;
				CODE_SIGN_ENTITLEMENTS = Array/Array.entitlements;
				CODE_SIGN_STYLE = Automatic;
				CURRENT_PROJECT_VERSION = 1;
				DEVELOPMENT_ASSET_PATHS = "\"Array/Preview Content\"";
				DEVELOPMENT_TEAM = 77TRP2G374;
				ENABLE_HARDENED_RUNTIME = YES;
				ENABLE_PREVIEWS = YES;
				GENERATE_INFOPLIST_FILE = YES;
				"INFOPLIST_KEY_UIApplicationSceneManifest_Generation[sdk=iphoneos*]" = YES;
				"INFOPLIST_KEY_UIApplicationSceneManifest_Generation[sdk=iphonesimulator*]" = YES;
				"INFOPLIST_KEY_UIApplicationSupportsIndirectInputEvents[sdk=iphoneos*]" = YES;
				"INFOPLIST_KEY_UIApplicationSupportsIndirectInputEvents[sdk=iphonesimulator*]" = YES;
				"INFOPLIST_KEY_UILaunchScreen_Generation[sdk=iphoneos*]" = YES;
				"INFOPLIST_KEY_UILaunchScreen_Generation[sdk=iphonesimulator*]" = YES;
				"INFOPLIST_KEY_UIStatusBarStyle[sdk=iphoneos*]" = UIStatusBarStyleDefault;
				"INFOPLIST_KEY_UIStatusBarStyle[sdk=iphonesimulator*]" = UIStatusBarStyleDefault;
				INFOPLIST_KEY_UISupportedInterfaceOrientations_iPad = "UIInterfaceOrientationPortrait UIInterfaceOrientationPortraitUpsideDown UIInterfaceOrientationLandscapeLeft UIInterfaceOrientationLandscapeRight";
				INFOPLIST_KEY_UISupportedInterfaceOrientations_iPhone = "UIInterfaceOrientationPortrait UIInterfaceOrientationLandscapeLeft UIInterfaceOrientationLandscapeRight";
				IPHONEOS_DEPLOYMENT_TARGET = 16.0;
				LD_RUNPATH_SEARCH_PATHS = "@executable_path/Frameworks";
				"LD_RUNPATH_SEARCH_PATHS[sdk=macosx*]" = "@executable_path/../Frameworks";
				MACOSX_DEPLOYMENT_TARGET = 13.0;
				MARKETING_VERSION = 1.0;
				PRODUCT_BUNDLE_IDENTIFIER = com.MichaelGillund.Array;
				PRODUCT_NAME = "$(TARGET_NAME)";
				SDKROOT = auto;
				SUPPORTED_PLATFORMS = "iphoneos iphonesimulator macosx";
				SWIFT_EMIT_LOC_STRINGS = YES;
				SWIFT_VERSION = 5.0;
				TARGETED_DEVICE_FAMILY = "1,2";
			};
			name = Release;
		};
		E5EFA4F1291243C900C19436 /* Debug */ = {
			isa = XCBuildConfiguration;
			buildSettings = {
				ALWAYS_EMBED_SWIFT_STANDARD_LIBRARIES = YES;
				BUNDLE_LOADER = "$(TEST_HOST)";
				CODE_SIGN_STYLE = Automatic;
				CURRENT_PROJECT_VERSION = 1;
				DEVELOPMENT_TEAM = 77TRP2G374;
				GENERATE_INFOPLIST_FILE = YES;
				IPHONEOS_DEPLOYMENT_TARGET = 16.1;
				MACOSX_DEPLOYMENT_TARGET = 13.0;
				MARKETING_VERSION = 1.0;
				PRODUCT_BUNDLE_IDENTIFIER = com.MichaelGillund.ArrayTests;
				PRODUCT_NAME = "$(TARGET_NAME)";
				SDKROOT = auto;
				SUPPORTED_PLATFORMS = "iphoneos iphonesimulator macosx";
				SWIFT_EMIT_LOC_STRINGS = NO;
				SWIFT_VERSION = 5.0;
				TARGETED_DEVICE_FAMILY = "1,2";
				TEST_HOST = "$(BUILT_PRODUCTS_DIR)/Array.app/$(BUNDLE_EXECUTABLE_FOLDER_PATH)/Array";
			};
			name = Debug;
		};
		E5EFA4F2291243C900C19436 /* Release */ = {
			isa = XCBuildConfiguration;
			buildSettings = {
				ALWAYS_EMBED_SWIFT_STANDARD_LIBRARIES = YES;
				BUNDLE_LOADER = "$(TEST_HOST)";
				CODE_SIGN_STYLE = Automatic;
				CURRENT_PROJECT_VERSION = 1;
				DEVELOPMENT_TEAM = 77TRP2G374;
				GENERATE_INFOPLIST_FILE = YES;
				IPHONEOS_DEPLOYMENT_TARGET = 16.1;
				MACOSX_DEPLOYMENT_TARGET = 13.0;
				MARKETING_VERSION = 1.0;
				PRODUCT_BUNDLE_IDENTIFIER = com.MichaelGillund.ArrayTests;
				PRODUCT_NAME = "$(TARGET_NAME)";
				SDKROOT = auto;
				SUPPORTED_PLATFORMS = "iphoneos iphonesimulator macosx";
				SWIFT_EMIT_LOC_STRINGS = NO;
				SWIFT_VERSION = 5.0;
				TARGETED_DEVICE_FAMILY = "1,2";
				TEST_HOST = "$(BUILT_PRODUCTS_DIR)/Array.app/$(BUNDLE_EXECUTABLE_FOLDER_PATH)/Array";
			};
			name = Release;
		};
		E5EFA4F4291243C900C19436 /* Debug */ = {
			isa = XCBuildConfiguration;
			buildSettings = {
				ALWAYS_EMBED_SWIFT_STANDARD_LIBRARIES = YES;
				CODE_SIGN_STYLE = Automatic;
				CURRENT_PROJECT_VERSION = 1;
				DEVELOPMENT_TEAM = 77TRP2G374;
				GENERATE_INFOPLIST_FILE = YES;
				IPHONEOS_DEPLOYMENT_TARGET = 16.1;
				MACOSX_DEPLOYMENT_TARGET = 13.0;
				MARKETING_VERSION = 1.0;
				PRODUCT_BUNDLE_IDENTIFIER = com.MichaelGillund.ArrayUITests;
				PRODUCT_NAME = "$(TARGET_NAME)";
				SDKROOT = auto;
				SUPPORTED_PLATFORMS = "iphoneos iphonesimulator macosx";
				SWIFT_EMIT_LOC_STRINGS = NO;
				SWIFT_VERSION = 5.0;
				TARGETED_DEVICE_FAMILY = "1,2";
				TEST_TARGET_NAME = Array;
			};
			name = Debug;
		};
		E5EFA4F5291243C900C19436 /* Release */ = {
			isa = XCBuildConfiguration;
			buildSettings = {
				ALWAYS_EMBED_SWIFT_STANDARD_LIBRARIES = YES;
				CODE_SIGN_STYLE = Automatic;
				CURRENT_PROJECT_VERSION = 1;
				DEVELOPMENT_TEAM = 77TRP2G374;
				GENERATE_INFOPLIST_FILE = YES;
				IPHONEOS_DEPLOYMENT_TARGET = 16.1;
				MACOSX_DEPLOYMENT_TARGET = 13.0;
				MARKETING_VERSION = 1.0;
				PRODUCT_BUNDLE_IDENTIFIER = com.MichaelGillund.ArrayUITests;
				PRODUCT_NAME = "$(TARGET_NAME)";
				SDKROOT = auto;
				SUPPORTED_PLATFORMS = "iphoneos iphonesimulator macosx";
				SWIFT_EMIT_LOC_STRINGS = NO;
				SWIFT_VERSION = 5.0;
				TARGETED_DEVICE_FAMILY = "1,2";
				TEST_TARGET_NAME = Array;
			};
			name = Release;
		};
/* End XCBuildConfiguration section */

/* Begin XCConfigurationList section */
		E5EFA4C3291243C900C19436 /* Build configuration list for PBXProject "Array" */ = {
			isa = XCConfigurationList;
			buildConfigurations = (
				E5EFA4EB291243C900C19436 /* Debug */,
				E5EFA4EC291243C900C19436 /* Release */,
			);
			defaultConfigurationIsVisible = 0;
			defaultConfigurationName = Release;
		};
		E5EFA4ED291243C900C19436 /* Build configuration list for PBXNativeTarget "Array" */ = {
			isa = XCConfigurationList;
			buildConfigurations = (
				E5EFA4EE291243C900C19436 /* Debug */,
				E5EFA4EF291243C900C19436 /* Release */,
			);
			defaultConfigurationIsVisible = 0;
			defaultConfigurationName = Release;
		};
		E5EFA4F0291243C900C19436 /* Build configuration list for PBXNativeTarget "ArrayTests" */ = {
			isa = XCConfigurationList;
			buildConfigurations = (
				E5EFA4F1291243C900C19436 /* Debug */,
				E5EFA4F2291243C900C19436 /* Release */,
			);
			defaultConfigurationIsVisible = 0;
			defaultConfigurationName = Release;
		};
		E5EFA4F3291243C900C19436 /* Build configuration list for PBXNativeTarget "ArrayUITests" */ = {
			isa = XCConfigurationList;
			buildConfigurations = (
				E5EFA4F4291243C900C19436 /* Debug */,
				E5EFA4F5291243C900C19436 /* Release */,
			);
			defaultConfigurationIsVisible = 0;
			defaultConfigurationName = Release;
		};
/* End XCConfigurationList section */
	};
	rootObject = E5EFA4C0291243C900C19436 /* Project object */;
}
